// !$*UTF8*$!
{
	archiveVersion = 1;
	classes = {
	};
	objectVersion = 46;
	objects = {

/* Begin PBXBuildFile section */
		3B8A24651871537400C5AAE6 /* Foundation.framework in Frameworks */ = {isa = PBXBuildFile; fileRef = 3B8A24641871537400C5AAE6 /* Foundation.framework */; };
		3B8A24671871537400C5AAE6 /* CoreGraphics.framework in Frameworks */ = {isa = PBXBuildFile; fileRef = 3B8A24661871537400C5AAE6 /* CoreGraphics.framework */; };
		3B8A24691871537400C5AAE6 /* UIKit.framework in Frameworks */ = {isa = PBXBuildFile; fileRef = 3B8A24681871537400C5AAE6 /* UIKit.framework */; };
		3B8A246F1871537400C5AAE6 /* InfoPlist.strings in Resources */ = {isa = PBXBuildFile; fileRef = 3B8A246D1871537400C5AAE6 /* InfoPlist.strings */; };
		3B8A24711871537400C5AAE6 /* main.m in Sources */ = {isa = PBXBuildFile; fileRef = 3B8A24701871537400C5AAE6 /* main.m */; };
		3B8A24751871537400C5AAE6 /* AppDelegate.m in Sources */ = {isa = PBXBuildFile; fileRef = 3B8A24741871537400C5AAE6 /* AppDelegate.m */; };
		3B8A24781871537400C5AAE6 /* Main.storyboard in Resources */ = {isa = PBXBuildFile; fileRef = 3B8A24761871537400C5AAE6 /* Main.storyboard */; };
		3B8A247B1871537400C5AAE6 /* ViewController.m in Sources */ = {isa = PBXBuildFile; fileRef = 3B8A247A1871537400C5AAE6 /* ViewController.m */; };
		3B8A247D1871537400C5AAE6 /* Images.xcassets in Resources */ = {isa = PBXBuildFile; fileRef = 3B8A247C1871537400C5AAE6 /* Images.xcassets */; };
		3B8A24841871537400C5AAE6 /* XCTest.framework in Frameworks */ = {isa = PBXBuildFile; fileRef = 3B8A24831871537400C5AAE6 /* XCTest.framework */; };
		3B8A24851871537400C5AAE6 /* Foundation.framework in Frameworks */ = {isa = PBXBuildFile; fileRef = 3B8A24641871537400C5AAE6 /* Foundation.framework */; };
		3B8A24861871537400C5AAE6 /* UIKit.framework in Frameworks */ = {isa = PBXBuildFile; fileRef = 3B8A24681871537400C5AAE6 /* UIKit.framework */; };
		3B8A248E1871537400C5AAE6 /* InfoPlist.strings in Resources */ = {isa = PBXBuildFile; fileRef = 3B8A248C1871537400C5AAE6 /* InfoPlist.strings */; };
		3B8A24901871537400C5AAE6 /* FoxitPDFTestTests.m in Sources */ = {isa = PBXBuildFile; fileRef = 3B8A248F1871537400C5AAE6 /* FoxitPDFTestTests.m */; };
		3B8A249C1871652300C5AAE6 /* test.pdf in Resources */ = {isa = PBXBuildFile; fileRef = 3B8A249B1871652300C5AAE6 /* test.pdf */; };
		3B8A249F187166B500C5AAE6 /* PDFView.m in Sources */ = {isa = PBXBuildFile; fileRef = 3B8A249E187166B500C5AAE6 /* PDFView.m */; };
/* End PBXBuildFile section */

/* Begin PBXContainerItemProxy section */
		3B8A24871871537400C5AAE6 /* PBXContainerItemProxy */ = {
			isa = PBXContainerItemProxy;
			containerPortal = 3B8A24591871537400C5AAE6 /* Project object */;
			proxyType = 1;
			remoteGlobalIDString = 3B8A24601871537400C5AAE6;
			remoteInfo = FoxitPDFTest;
		};
/* End PBXContainerItemProxy section */

/* Begin PBXFileReference section */
		3B8A24611871537400C5AAE6 /* FoxitPDFTest.app */ = {isa = PBXFileReference; explicitFileType = wrapper.application; includeInIndex = 0; path = FoxitPDFTest.app; sourceTree = BUILT_PRODUCTS_DIR; };
		3B8A24641871537400C5AAE6 /* Foundation.framework */ = {isa = PBXFileReference; lastKnownFileType = wrapper.framework; name = Foundation.framework; path = System/Library/Frameworks/Foundation.framework; sourceTree = SDKROOT; };
		3B8A24661871537400C5AAE6 /* CoreGraphics.framework */ = {isa = PBXFileReference; lastKnownFileType = wrapper.framework; name = CoreGraphics.framework; path = System/Library/Frameworks/CoreGraphics.framework; sourceTree = SDKROOT; };
		3B8A24681871537400C5AAE6 /* UIKit.framework */ = {isa = PBXFileReference; lastKnownFileType = wrapper.framework; name = UIKit.framework; path = System/Library/Frameworks/UIKit.framework; sourceTree = SDKROOT; };
		3B8A246C1871537400C5AAE6 /* FoxitPDFTest-Info.plist */ = {isa = PBXFileReference; lastKnownFileType = text.plist.xml; path = "FoxitPDFTest-Info.plist"; sourceTree = "<group>"; };
		3B8A246E1871537400C5AAE6 /* en */ = {isa = PBXFileReference; lastKnownFileType = text.plist.strings; name = en; path = en.lproj/InfoPlist.strings; sourceTree = "<group>"; };
		3B8A24701871537400C5AAE6 /* main.m */ = {isa = PBXFileReference; lastKnownFileType = sourcecode.c.objc; path = main.m; sourceTree = "<group>"; };
		3B8A24721871537400C5AAE6 /* FoxitPDFTest-Prefix.pch */ = {isa = PBXFileReference; lastKnownFileType = sourcecode.c.h; path = "FoxitPDFTest-Prefix.pch"; sourceTree = "<group>"; };
		3B8A24731871537400C5AAE6 /* AppDelegate.h */ = {isa = PBXFileReference; lastKnownFileType = sourcecode.c.h; path = AppDelegate.h; sourceTree = "<group>"; };
		3B8A24741871537400C5AAE6 /* AppDelegate.m */ = {isa = PBXFileReference; lastKnownFileType = sourcecode.c.objc; path = AppDelegate.m; sourceTree = "<group>"; };
		3B8A24771871537400C5AAE6 /* Base */ = {isa = PBXFileReference; lastKnownFileType = file.storyboard; name = Base; path = Base.lproj/Main.storyboard; sourceTree = "<group>"; };
		3B8A24791871537400C5AAE6 /* ViewController.h */ = {isa = PBXFileReference; lastKnownFileType = sourcecode.c.h; path = ViewController.h; sourceTree = "<group>"; };
		3B8A247A1871537400C5AAE6 /* ViewController.m */ = {isa = PBXFileReference; lastKnownFileType = sourcecode.c.objc; path = ViewController.m; sourceTree = "<group>"; };
		3B8A247C1871537400C5AAE6 /* Images.xcassets */ = {isa = PBXFileReference; lastKnownFileType = folder.assetcatalog; path = Images.xcassets; sourceTree = "<group>"; };
		3B8A24821871537400C5AAE6 /* FoxitPDFTestTests.xctest */ = {isa = PBXFileReference; explicitFileType = wrapper.cfbundle; includeInIndex = 0; path = FoxitPDFTestTests.xctest; sourceTree = BUILT_PRODUCTS_DIR; };
		3B8A24831871537400C5AAE6 /* XCTest.framework */ = {isa = PBXFileReference; lastKnownFileType = wrapper.framework; name = XCTest.framework; path = Library/Frameworks/XCTest.framework; sourceTree = DEVELOPER_DIR; };
		3B8A248B1871537400C5AAE6 /* FoxitPDFTestTests-Info.plist */ = {isa = PBXFileReference; lastKnownFileType = text.plist.xml; path = "FoxitPDFTestTests-Info.plist"; sourceTree = "<group>"; };
		3B8A248D1871537400C5AAE6 /* en */ = {isa = PBXFileReference; lastKnownFileType = text.plist.strings; name = en; path = en.lproj/InfoPlist.strings; sourceTree = "<group>"; };
		3B8A248F1871537400C5AAE6 /* FoxitPDFTestTests.m */ = {isa = PBXFileReference; lastKnownFileType = sourcecode.c.objc; path = FoxitPDFTestTests.m; sourceTree = "<group>"; };
		3B8A249B1871652300C5AAE6 /* test.pdf */ = {isa = PBXFileReference; lastKnownFileType = image.pdf; name = test.pdf; path = ../test.pdf; sourceTree = "<group>"; };
		3B8A249D187166B500C5AAE6 /* PDFView.h */ = {isa = PBXFileReference; fileEncoding = 4; lastKnownFileType = sourcecode.c.h; path = PDFView.h; sourceTree = "<group>"; };
		3B8A249E187166B500C5AAE6 /* PDFView.m */ = {isa = PBXFileReference; fileEncoding = 4; lastKnownFileType = sourcecode.c.objc; path = PDFView.m; sourceTree = "<group>"; };
/* End PBXFileReference section */

/* Begin PBXFrameworksBuildPhase section */
		3B8A245E1871537400C5AAE6 /* Frameworks */ = {
			isa = PBXFrameworksBuildPhase;
			buildActionMask = 2147483647;
			files = (
				3B8A24671871537400C5AAE6 /* CoreGraphics.framework in Frameworks */,
				3B8A24691871537400C5AAE6 /* UIKit.framework in Frameworks */,
				3B8A24651871537400C5AAE6 /* Foundation.framework in Frameworks */,
			);
			runOnlyForDeploymentPostprocessing = 0;
		};
		3B8A247F1871537400C5AAE6 /* Frameworks */ = {
			isa = PBXFrameworksBuildPhase;
			buildActionMask = 2147483647;
			files = (
				3B8A24841871537400C5AAE6 /* XCTest.framework in Frameworks */,
				3B8A24861871537400C5AAE6 /* UIKit.framework in Frameworks */,
				3B8A24851871537400C5AAE6 /* Foundation.framework in Frameworks */,
			);
			runOnlyForDeploymentPostprocessing = 0;
		};
/* End PBXFrameworksBuildPhase section */

/* Begin PBXGroup section */
		3B8A24581871537400C5AAE6 = {
			isa = PBXGroup;
			children = (
				3B8A246A1871537400C5AAE6 /* FoxitPDFTest */,
				3B8A24891871537400C5AAE6 /* FoxitPDFTestTests */,
				3B8A24631871537400C5AAE6 /* Frameworks */,
				3B8A24621871537400C5AAE6 /* Products */,
			);
			sourceTree = "<group>";
		};
		3B8A24621871537400C5AAE6 /* Products */ = {
			isa = PBXGroup;
			children = (
				3B8A24611871537400C5AAE6 /* FoxitPDFTest.app */,
				3B8A24821871537400C5AAE6 /* FoxitPDFTestTests.xctest */,
			);
			name = Products;
			sourceTree = "<group>";
		};
		3B8A24631871537400C5AAE6 /* Frameworks */ = {
			isa = PBXGroup;
			children = (
				3B8A24641871537400C5AAE6 /* Foundation.framework */,
				3B8A24661871537400C5AAE6 /* CoreGraphics.framework */,
				3B8A24681871537400C5AAE6 /* UIKit.framework */,
				3B8A24831871537400C5AAE6 /* XCTest.framework */,
			);
			name = Frameworks;
			sourceTree = "<group>";
		};
		3B8A246A1871537400C5AAE6 /* FoxitPDFTest */ = {
			isa = PBXGroup;
			children = (
				3B8A24731871537400C5AAE6 /* AppDelegate.h */,
				3B8A24741871537400C5AAE6 /* AppDelegate.m */,
				3B8A24761871537400C5AAE6 /* Main.storyboard */,
				3B8A24791871537400C5AAE6 /* ViewController.h */,
				3B8A247A1871537400C5AAE6 /* ViewController.m */,
				3B8A247C1871537400C5AAE6 /* Images.xcassets */,
				3B8A246B1871537400C5AAE6 /* Supporting Files */,
				3B8A249D187166B500C5AAE6 /* PDFView.h */,
				3B8A249E187166B500C5AAE6 /* PDFView.m */,
			);
			path = FoxitPDFTest;
			sourceTree = "<group>";
		};
		3B8A246B1871537400C5AAE6 /* Supporting Files */ = {
			isa = PBXGroup;
			children = (
				3B8A249B1871652300C5AAE6 /* test.pdf */,
				3B8A246C1871537400C5AAE6 /* FoxitPDFTest-Info.plist */,
				3B8A246D1871537400C5AAE6 /* InfoPlist.strings */,
				3B8A24701871537400C5AAE6 /* main.m */,
				3B8A24721871537400C5AAE6 /* FoxitPDFTest-Prefix.pch */,
			);
			name = "Supporting Files";
			sourceTree = "<group>";
		};
		3B8A24891871537400C5AAE6 /* FoxitPDFTestTests */ = {
			isa = PBXGroup;
			children = (
				3B8A248F1871537400C5AAE6 /* FoxitPDFTestTests.m */,
				3B8A248A1871537400C5AAE6 /* Supporting Files */,
			);
			path = FoxitPDFTestTests;
			sourceTree = "<group>";
		};
		3B8A248A1871537400C5AAE6 /* Supporting Files */ = {
			isa = PBXGroup;
			children = (
				3B8A248B1871537400C5AAE6 /* FoxitPDFTestTests-Info.plist */,
				3B8A248C1871537400C5AAE6 /* InfoPlist.strings */,
			);
			name = "Supporting Files";
			sourceTree = "<group>";
		};
/* End PBXGroup section */

/* Begin PBXNativeTarget section */
		3B8A24601871537400C5AAE6 /* FoxitPDFTest */ = {
			isa = PBXNativeTarget;
			buildConfigurationList = 3B8A24931871537400C5AAE6 /* Build configuration list for PBXNativeTarget "FoxitPDFTest" */;
			buildPhases = (
				3B8A245D1871537400C5AAE6 /* Sources */,
				3B8A245E1871537400C5AAE6 /* Frameworks */,
				3B8A245F1871537400C5AAE6 /* Resources */,
			);
			buildRules = (
			);
			dependencies = (
			);
			name = FoxitPDFTest;
			productName = FoxitPDFTest;
			productReference = 3B8A24611871537400C5AAE6 /* FoxitPDFTest.app */;
			productType = "com.apple.product-type.application";
		};
		3B8A24811871537400C5AAE6 /* FoxitPDFTestTests */ = {
			isa = PBXNativeTarget;
			buildConfigurationList = 3B8A24961871537400C5AAE6 /* Build configuration list for PBXNativeTarget "FoxitPDFTestTests" */;
			buildPhases = (
				3B8A247E1871537400C5AAE6 /* Sources */,
				3B8A247F1871537400C5AAE6 /* Frameworks */,
				3B8A24801871537400C5AAE6 /* Resources */,
			);
			buildRules = (
			);
			dependencies = (
				3B8A24881871537400C5AAE6 /* PBXTargetDependency */,
			);
			name = FoxitPDFTestTests;
			productName = FoxitPDFTestTests;
			productReference = 3B8A24821871537400C5AAE6 /* FoxitPDFTestTests.xctest */;
			productType = "com.apple.product-type.bundle.unit-test";
		};
/* End PBXNativeTarget section */

/* Begin PBXProject section */
		3B8A24591871537400C5AAE6 /* Project object */ = {
			isa = PBXProject;
			attributes = {
				LastUpgradeCheck = 0500;
				ORGANIZATIONNAME = skl;
				TargetAttributes = {
					3B8A24811871537400C5AAE6 = {
						TestTargetID = 3B8A24601871537400C5AAE6;
					};
				};
			};
			buildConfigurationList = 3B8A245C1871537400C5AAE6 /* Build configuration list for PBXProject "FoxitPDFTest" */;
			compatibilityVersion = "Xcode 3.2";
			developmentRegion = English;
			hasScannedForEncodings = 0;
			knownRegions = (
				en,
				Base,
			);
			mainGroup = 3B8A24581871537400C5AAE6;
			productRefGroup = 3B8A24621871537400C5AAE6 /* Products */;
			projectDirPath = "";
			projectRoot = "";
			targets = (
				3B8A24601871537400C5AAE6 /* FoxitPDFTest */,
				3B8A24811871537400C5AAE6 /* FoxitPDFTestTests */,
			);
		};
/* End PBXProject section */

/* Begin PBXResourcesBuildPhase section */
		3B8A245F1871537400C5AAE6 /* Resources */ = {
			isa = PBXResourcesBuildPhase;
			buildActionMask = 2147483647;
			files = (
				3B8A249C1871652300C5AAE6 /* test.pdf in Resources */,
				3B8A247D1871537400C5AAE6 /* Images.xcassets in Resources */,
				3B8A246F1871537400C5AAE6 /* InfoPlist.strings in Resources */,
				3B8A24781871537400C5AAE6 /* Main.storyboard in Resources */,
			);
			runOnlyForDeploymentPostprocessing = 0;
		};
		3B8A24801871537400C5AAE6 /* Resources */ = {
			isa = PBXResourcesBuildPhase;
			buildActionMask = 2147483647;
			files = (
				3B8A248E1871537400C5AAE6 /* InfoPlist.strings in Resources */,
			);
			runOnlyForDeploymentPostprocessing = 0;
		};
/* End PBXResourcesBuildPhase section */

/* Begin PBXSourcesBuildPhase section */
		3B8A245D1871537400C5AAE6 /* Sources */ = {
			isa = PBXSourcesBuildPhase;
			buildActionMask = 2147483647;
			files = (
				3B8A247B1871537400C5AAE6 /* ViewController.m in Sources */,
				3B8A249F187166B500C5AAE6 /* PDFView.m in Sources */,
				3B8A24751871537400C5AAE6 /* AppDelegate.m in Sources */,
				3B8A24711871537400C5AAE6 /* main.m in Sources */,
			);
			runOnlyForDeploymentPostprocessing = 0;
		};
		3B8A247E1871537400C5AAE6 /* Sources */ = {
			isa = PBXSourcesBuildPhase;
			buildActionMask = 2147483647;
			files = (
				3B8A24901871537400C5AAE6 /* FoxitPDFTestTests.m in Sources */,
			);
			runOnlyForDeploymentPostprocessing = 0;
		};
/* End PBXSourcesBuildPhase section */

/* Begin PBXTargetDependency section */
		3B8A24881871537400C5AAE6 /* PBXTargetDependency */ = {
			isa = PBXTargetDependency;
			target = 3B8A24601871537400C5AAE6 /* FoxitPDFTest */;
			targetProxy = 3B8A24871871537400C5AAE6 /* PBXContainerItemProxy */;
		};
/* End PBXTargetDependency section */

/* Begin PBXVariantGroup section */
		3B8A246D1871537400C5AAE6 /* InfoPlist.strings */ = {
			isa = PBXVariantGroup;
			children = (
				3B8A246E1871537400C5AAE6 /* en */,
			);
			name = InfoPlist.strings;
			sourceTree = "<group>";
		};
		3B8A24761871537400C5AAE6 /* Main.storyboard */ = {
			isa = PBXVariantGroup;
			children = (
				3B8A24771871537400C5AAE6 /* Base */,
			);
			name = Main.storyboard;
			sourceTree = "<group>";
		};
		3B8A248C1871537400C5AAE6 /* InfoPlist.strings */ = {
			isa = PBXVariantGroup;
			children = (
				3B8A248D1871537400C5AAE6 /* en */,
			);
			name = InfoPlist.strings;
			sourceTree = "<group>";
		};
/* End PBXVariantGroup section */

/* Begin XCBuildConfiguration section */
		3B8A24911871537400C5AAE6 /* Debug */ = {
			isa = XCBuildConfiguration;
			buildSettings = {
				ALWAYS_SEARCH_USER_PATHS = NO;
				ARCHS = "$(ARCHS_STANDARD_INCLUDING_64_BIT)";
				CLANG_CXX_LANGUAGE_STANDARD = "gnu++0x";
				CLANG_CXX_LIBRARY = "libc++";
				CLANG_ENABLE_MODULES = YES;
				CLANG_ENABLE_OBJC_ARC = YES;
				CLANG_WARN_BOOL_CONVERSION = YES;
				CLANG_WARN_CONSTANT_CONVERSION = YES;
				CLANG_WARN_DIRECT_OBJC_ISA_USAGE = YES_ERROR;
				CLANG_WARN_EMPTY_BODY = YES;
				CLANG_WARN_ENUM_CONVERSION = YES;
				CLANG_WARN_INT_CONVERSION = YES;
				CLANG_WARN_OBJC_ROOT_CLASS = YES_ERROR;
				CLANG_WARN__DUPLICATE_METHOD_MATCH = YES;
				"CODE_SIGN_IDENTITY[sdk=iphoneos*]" = "iPhone Developer";
				COPY_PHASE_STRIP = NO;
				GCC_C_LANGUAGE_STANDARD = gnu99;
				GCC_DYNAMIC_NO_PIC = NO;
				GCC_OPTIMIZATION_LEVEL = 0;
				GCC_PREPROCESSOR_DEFINITIONS = (
					"DEBUG=1",
					"$(inherited)",
				);
				GCC_SYMBOLS_PRIVATE_EXTERN = NO;
				GCC_WARN_64_TO_32_BIT_CONVERSION = YES;
				GCC_WARN_ABOUT_RETURN_TYPE = YES_ERROR;
				GCC_WARN_UNDECLARED_SELECTOR = YES;
				GCC_WARN_UNINITIALIZED_AUTOS = YES;
				GCC_WARN_UNUSED_FUNCTION = YES;
				GCC_WARN_UNUSED_VARIABLE = YES;
				IPHONEOS_DEPLOYMENT_TARGET = 7.0;
				ONLY_ACTIVE_ARCH = YES;
				SDKROOT = iphoneos;
				TARGETED_DEVICE_FAMILY = 2;
			};
			name = Debug;
		};
		3B8A24921871537400C5AAE6 /* Release */ = {
			isa = XCBuildConfiguration;
			buildSettings = {
				ALWAYS_SEARCH_USER_PATHS = NO;
				ARCHS = "$(ARCHS_STANDARD_INCLUDING_64_BIT)";
				CLANG_CXX_LANGUAGE_STANDARD = "gnu++0x";
				CLANG_CXX_LIBRARY = "libc++";
				CLANG_ENABLE_MODULES = YES;
				CLANG_ENABLE_OBJC_ARC = YES;
				CLANG_WARN_BOOL_CONVERSION = YES;
				CLANG_WARN_CONSTANT_CONVERSION = YES;
				CLANG_WARN_DIRECT_OBJC_ISA_USAGE = YES_ERROR;
				CLANG_WARN_EMPTY_BODY = YES;
				CLANG_WARN_ENUM_CONVERSION = YES;
				CLANG_WARN_INT_CONVERSION = YES;
				CLANG_WARN_OBJC_ROOT_CLASS = YES_ERROR;
				CLANG_WARN__DUPLICATE_METHOD_MATCH = YES;
				"CODE_SIGN_IDENTITY[sdk=iphoneos*]" = "iPhone Developer";
				COPY_PHASE_STRIP = YES;
				ENABLE_NS_ASSERTIONS = NO;
				GCC_C_LANGUAGE_STANDARD = gnu99;
				GCC_WARN_64_TO_32_BIT_CONVERSION = YES;
				GCC_WARN_ABOUT_RETURN_TYPE = YES_ERROR;
				GCC_WARN_UNDECLARED_SELECTOR = YES;
				GCC_WARN_UNINITIALIZED_AUTOS = YES;
				GCC_WARN_UNUSED_FUNCTION = YES;
				GCC_WARN_UNUSED_VARIABLE = YES;
				IPHONEOS_DEPLOYMENT_TARGET = 7.0;
				SDKROOT = iphoneos;
				TARGETED_DEVICE_FAMILY = 2;
				VALIDATE_PRODUCT = YES;
			};
			name = Release;
		};
		3B8A24941871537400C5AAE6 /* Debug */ = {
			isa = XCBuildConfiguration;
			buildSettings = {
				ASSETCATALOG_COMPILER_APPICON_NAME = AppIcon;
				ASSETCATALOG_COMPILER_LAUNCHIMAGE_NAME = LaunchImage;
				GCC_PRECOMPILE_PREFIX_HEADER = YES;
				GCC_PREFIX_HEADER = "FoxitPDFTest/FoxitPDFTest-Prefix.pch";
				INFOPLIST_FILE = "FoxitPDFTest/FoxitPDFTest-Info.plist";
				PRODUCT_NAME = "$(TARGET_NAME)";
				WRAPPER_EXTENSION = app;
			};
			name = Debug;
		};
		3B8A24951871537400C5AAE6 /* Release */ = {
			isa = XCBuildConfiguration;
			buildSettings = {
				ASSETCATALOG_COMPILER_APPICON_NAME = AppIcon;
				ASSETCATALOG_COMPILER_LAUNCHIMAGE_NAME = LaunchImage;
				GCC_PRECOMPILE_PREFIX_HEADER = YES;
				GCC_PREFIX_HEADER = "FoxitPDFTest/FoxitPDFTest-Prefix.pch";
				INFOPLIST_FILE = "FoxitPDFTest/FoxitPDFTest-Info.plist";
				PRODUCT_NAME = "$(TARGET_NAME)";
				WRAPPER_EXTENSION = app;
			};
			name = Release;
		};
		3B8A24971871537400C5AAE6 /* Debug */ = {
			isa = XCBuildConfiguration;
			buildSettings = {
				ARCHS = "$(ARCHS_STANDARD_INCLUDING_64_BIT)";
				BUNDLE_LOADER = "$(BUILT_PRODUCTS_DIR)/FoxitPDFTest.app/FoxitPDFTest";
				FRAMEWORK_SEARCH_PATHS = (
					"$(SDKROOT)/Developer/Library/Frameworks",
					"$(inherited)",
					"$(DEVELOPER_FRAMEWORKS_DIR)",
				);
				GCC_PRECOMPILE_PREFIX_HEADER = YES;
				GCC_PREFIX_HEADER = "FoxitPDFTest/FoxitPDFTest-Prefix.pch";
				GCC_PREPROCESSOR_DEFINITIONS = (
					"DEBUG=1",
					"$(inherited)",
				);
				INFOPLIST_FILE = "FoxitPDFTestTests/FoxitPDFTestTests-Info.plist";
				PRODUCT_NAME = "$(TARGET_NAME)";
				TEST_HOST = "$(BUNDLE_LOADER)";
				WRAPPER_EXTENSION = xctest;
			};
			name = Debug;
		};
		3B8A24981871537400C5AAE6 /* Release */ = {
			isa = XCBuildConfiguration;
			buildSettings = {
				ARCHS = "$(ARCHS_STANDARD_INCLUDING_64_BIT)";
				BUNDLE_LOADER = "$(BUILT_PRODUCTS_DIR)/FoxitPDFTest.app/FoxitPDFTest";
				FRAMEWORK_SEARCH_PATHS = (
					"$(SDKROOT)/Developer/Library/Frameworks",
					"$(inherited)",
					"$(DEVELOPER_FRAMEWORKS_DIR)",
				);
				GCC_PRECOMPILE_PREFIX_HEADER = YES;
				GCC_PREFIX_HEADER = "FoxitPDFTest/FoxitPDFTest-Prefix.pch";
				INFOPLIST_FILE = "FoxitPDFTestTests/FoxitPDFTestTests-Info.plist";
				PRODUCT_NAME = "$(TARGET_NAME)";
				TEST_HOST = "$(BUNDLE_LOADER)";
				WRAPPER_EXTENSION = xctest;
			};
			name = Release;
		};
/* End XCBuildConfiguration section */

/* Begin XCConfigurationList section */
		3B8A245C1871537400C5AAE6 /* Build configuration list for PBXProject "FoxitPDFTest" */ = {
			isa = XCConfigurationList;
			buildConfigurations = (
				3B8A24911871537400C5AAE6 /* Debug */,
				3B8A24921871537400C5AAE6 /* Release */,
			);
			defaultConfigurationIsVisible = 0;
			defaultConfigurationName = Release;
		};
		3B8A24931871537400C5AAE6 /* Build configuration list for PBXNativeTarget "FoxitPDFTest" */ = {
			isa = XCConfigurationList;
			buildConfigurations = (
				3B8A24941871537400C5AAE6 /* Debug */,
				3B8A24951871537400C5AAE6 /* Release */,
			);
			defaultConfigurationIsVisible = 0;
			defaultConfigurationName = Release;
		};
		3B8A24961871537400C5AAE6 /* Build configuration list for PBXNativeTarget "FoxitPDFTestTests" */ = {
			isa = XCConfigurationList;
			buildConfigurations = (
				3B8A24971871537400C5AAE6 /* Debug */,
				3B8A24981871537400C5AAE6 /* Release */,
			);
			defaultConfigurationIsVisible = 0;
			defaultConfigurationName = Release;
		};
/* End XCConfigurationList section */
	};
	rootObject = 3B8A24591871537400C5AAE6 /* Project object */;
}
